
Microsoft Visual Studio Solution File, Format Version 12.00
# Visual Studio Version 16
VisualStudioVersion = 16.0.31702.278
MinimumVisualStudioVersion = 10.0.40219.1
Project("{9A19103F-16F7-4668-BE54-9A1E7A4F7556}") = "01.SmallestΟfThreeNumbers", "01.SmallestΟfThreeNumbers\01.SmallestΟfThreeNumbers.csproj", "{F9038C06-D0F4-441C-A5C8-3D73EA0AEE2E}"
EndProject
Project("{9A19103F-16F7-4668-BE54-9A1E7A4F7556}") = "02.VowelsCount", "02.VowelsCount\02.VowelsCount.csproj", "{470E65F1-C27F-4334-A439-E89CFFD83D3C}"
EndProject
Project("{9A19103F-16F7-4668-BE54-9A1E7A4F7556}") = "03.CharactersInRange", "03.CharactersInRange\03.CharactersInRange.csproj", "{86907546-7083-41F0-A656-B2057A0C48D6}"
EndProject
Project("{9A19103F-16F7-4668-BE54-9A1E7A4F7556}") = "04.PasswordValidator", "04.PasswordValidator\04.PasswordValidator.csproj", "{7CD191A5-2481-4A86-9605-2312A370A5E8}"
EndProject
Project("{9A19103F-16F7-4668-BE54-9A1E7A4F7556}") = "05.AddAndSubtract", "05.AddAndSubtract\05.AddAndSubtract.csproj", "{9E3863B7-B50C-4690-8687-4DCD7F58C758}"
EndProject
Project("{9A19103F-16F7-4668-BE54-9A1E7A4F7556}") = "06.MiddleCharacters", "06.MiddleCharacters\06.MiddleCharacters.csproj", "{1DD3C5B5-E038-4B8D-AFC8-F75DD59BAF56}"
EndProject
Project("{9A19103F-16F7-4668-BE54-9A1E7A4F7556}") = "07.NxNMatrix", "07.NxNMatrix\07.NxNMatrix.csproj", "{DFC4AF28-CB79-4A12-A036-38C18D5E6CC9}"
EndProject
Project("{9A19103F-16F7-4668-BE54-9A1E7A4F7556}") = "08.FactorialDivision", "08.FactorialDivision\08.FactorialDivision.csproj", "{24B0730E-DDB5-4F18-A383-84C47CEAA3C5}"
EndProject
Project("{9A19103F-16F7-4668-BE54-9A1E7A4F7556}") = "09.PalindromeIntegers", "09.PalindromeIntegers\09.PalindromeIntegers.csproj", "{9C27C11E-8FF8-447E-A863-03E6B2B2E2A7}"
EndProject
Project("{FAE04EC0-301F-11D3-BF4B-00C04F79EFBC}") = "10.TopNumber", "10.TopNumber\10.TopNumber.csproj", "{AA4D8D1B-0ED0-4586-A6E1-4F2B7C3DC301}"
EndProject
Global
	GlobalSection(SolutionConfigurationPlatforms) = preSolution
		Debug|Any CPU = Debug|Any CPU
		Release|Any CPU = Release|Any CPU
	EndGlobalSection
	GlobalSection(ProjectConfigurationPlatforms) = postSolution
		{F9038C06-D0F4-441C-A5C8-3D73EA0AEE2E}.Debug|Any CPU.ActiveCfg = Debug|Any CPU
		{F9038C06-D0F4-441C-A5C8-3D73EA0AEE2E}.Debug|Any CPU.Build.0 = Debug|Any CPU
		{F9038C06-D0F4-441C-A5C8-3D73EA0AEE2E}.Release|Any CPU.ActiveCfg = Release|Any CPU
		{F9038C06-D0F4-441C-A5C8-3D73EA0AEE2E}.Release|Any CPU.Build.0 = Release|Any CPU
		{470E65F1-C27F-4334-A439-E89CFFD83D3C}.Debug|Any CPU.ActiveCfg = Debug|Any CPU
		{470E65F1-C27F-4334-A439-E89CFFD83D3C}.Debug|Any CPU.Build.0 = Debug|Any CPU
		{470E65F1-C27F-4334-A439-E89CFFD83D3C}.Release|Any CPU.ActiveCfg = Release|Any CPU
		{470E65F1-C27F-4334-A439-E89CFFD83D3C}.Release|Any CPU.Build.0 = Release|Any CPU
		{86907546-7083-41F0-A656-B2057A0C48D6}.Debug|Any CPU.ActiveCfg = Debug|Any CPU
		{86907546-7083-41F0-A656-B2057A0C48D6}.Debug|Any CPU.Build.0 = Debug|Any CPU
		{86907546-7083-41F0-A656-B2057A0C48D6}.Release|Any CPU.ActiveCfg = Release|Any CPU
		{86907546-7083-41F0-A656-B2057A0C48D6}.Release|Any CPU.Build.0 = Release|Any CPU
		{7CD191A5-2481-4A86-9605-2312A370A5E8}.Debug|Any CPU.ActiveCfg = Debug|Any CPU
		{7CD191A5-2481-4A86-9605-2312A370A5E8}.Debug|Any CPU.Build.0 = Debug|Any CPU
		{7CD191A5-2481-4A86-9605-2312A370A5E8}.Release|Any CPU.ActiveCfg = Release|Any CPU
		{7CD191A5-2481-4A86-9605-2312A370A5E8}.Release|Any CPU.Build.0 = Release|Any CPU
		{9E3863B7-B50C-4690-8687-4DCD7F58C758}.Debug|Any CPU.ActiveCfg = Debug|Any CPU
		{9E3863B7-B50C-4690-8687-4DCD7F58C758}.Debug|Any CPU.Build.0 = Debug|Any CPU
		{9E3863B7-B50C-4690-8687-4DCD7F58C758}.Release|Any CPU.ActiveCfg = Release|Any CPU
		{9E3863B7-B50C-4690-8687-4DCD7F58C758}.Release|Any CPU.Build.0 = Release|Any CPU
		{1DD3C5B5-E038-4B8D-AFC8-F75DD59BAF56}.Debug|Any CPU.ActiveCfg = Debug|Any CPU
		{1DD3C5B5-E038-4B8D-AFC8-F75DD59BAF56}.Debug|Any CPU.Build.0 = Debug|Any CPU
		{1DD3C5B5-E038-4B8D-AFC8-F75DD59BAF56}.Release|Any CPU.ActiveCfg = Release|Any CPU
		{1DD3C5B5-E038-4B8D-AFC8-F75DD59BAF56}.Release|Any CPU.Build.0 = Release|Any CPU
		{DFC4AF28-CB79-4A12-A036-38C18D5E6CC9}.Debug|Any CPU.ActiveCfg = Debug|Any CPU
		{DFC4AF28-CB79-4A12-A036-38C18D5E6CC9}.Debug|Any CPU.Build.0 = Debug|Any CPU
		{DFC4AF28-CB79-4A12-A036-38C18D5E6CC9}.Release|Any CPU.ActiveCfg = Release|Any CPU
		{DFC4AF28-CB79-4A12-A036-38C18D5E6CC9}.Release|Any CPU.Build.0 = Release|Any CPU
		{24B0730E-DDB5-4F18-A383-84C47CEAA3C5}.Debug|Any CPU.ActiveCfg = Debug|Any CPU
		{24B0730E-DDB5-4F18-A383-84C47CEAA3C5}.Debug|Any CPU.Build.0 = Debug|Any CPU
		{24B0730E-DDB5-4F18-A383-84C47CEAA3C5}.Release|Any CPU.ActiveCfg = Release|Any CPU
		{24B0730E-DDB5-4F18-A383-84C47CEAA3C5}.Release|Any CPU.Build.0 = Release|Any CPU
		{9C27C11E-8FF8-447E-A863-03E6B2B2E2A7}.Debug|Any CPU.ActiveCfg = Debug|Any CPU
		{9C27C11E-8FF8-447E-A863-03E6B2B2E2A7}.Debug|Any CPU.Build.0 = Debug|Any CPU
		{9C27C11E-8FF8-447E-A863-03E6B2B2E2A7}.Release|Any CPU.ActiveCfg = Release|Any CPU
		{9C27C11E-8FF8-447E-A863-03E6B2B2E2A7}.Release|Any CPU.Build.0 = Release|Any CPU
		{AA4D8D1B-0ED0-4586-A6E1-4F2B7C3DC301}.Debug|Any CPU.ActiveCfg = Debug|Any CPU
		{AA4D8D1B-0ED0-4586-A6E1-4F2B7C3DC301}.Debug|Any CPU.Build.0 = Debug|Any CPU
		{AA4D8D1B-0ED0-4586-A6E1-4F2B7C3DC301}.Release|Any CPU.ActiveCfg = Release|Any CPU
		{AA4D8D1B-0ED0-4586-A6E1-4F2B7C3DC301}.Release|Any CPU.Build.0 = Release|Any CPU
	EndGlobalSection
	GlobalSection(SolutionProperties) = preSolution
		HideSolutionNode = FALSE
	EndGlobalSection
	GlobalSection(ExtensibilityGlobals) = postSolution
		SolutionGuid = {9073EA5D-C5D3-4AB1-97E1-01FACDA7364B}
	EndGlobalSection
EndGlobal
